
Microsoft Visual Studio Solution File, Format Version 12.00
# Visual Studio Version 16
VisualStudioVersion = 16.0.29709.97
MinimumVisualStudioVersion = 10.0.40219.1
Project("{FAE04EC0-301F-11D3-BF4B-00C04F79EFBC}") = "Exercício02", "Exercício02\Exercício02.csproj", "{F1EDF63C-8BD5-4C2B-B100-124CA682EDE3}"
EndProject
Global
	GlobalSection(SolutionConfigurationPlatforms) = preSolution
		Debug|Any CPU = Debug|Any CPU
		Release|Any CPU = Release|Any CPU
	EndGlobalSection
	GlobalSection(ProjectConfigurationPlatforms) = postSolution
		{F1EDF63C-8BD5-4C2B-B100-124CA682EDE3}.Debug|Any CPU.ActiveCfg = Debug|Any CPU
		{F1EDF63C-8BD5-4C2B-B100-124CA682EDE3}.Debug|Any CPU.Build.0 = Debug|Any CPU
		{F1EDF63C-8BD5-4C2B-B100-124CA682EDE3}.Release|Any CPU.ActiveCfg = Release|Any CPU
		{F1EDF63C-8BD5-4C2B-B100-124CA682EDE3}.Release|Any CPU.Build.0 = Release|Any CPU
	EndGlobalSection
	GlobalSection(SolutionProperties) = preSolution
		HideSolutionNode = FALSE
	EndGlobalSection
	GlobalSection(ExtensibilityGlobals) = postSolution
		SolutionGuid = {9303F4F3-9372-4E39-B206-0F291396DFE3}
	EndGlobalSection
EndGlobal
